
Microsoft Visual Studio Solution File, Format Version 12.00
# Visual Studio Version 17
VisualStudioVersion = 17.5.33530.505
MinimumVisualStudioVersion = 10.0.40219.1
Project("{888888A0-9F3D-457C-B088-3A5042F75D52}") = "ProducerPY", "ProducerPY\ProducerPY.pyproj", "{E626E9E5-851E-44CE-B09F-16FA5680A0EF}"
EndProject
Global
	GlobalSection(SolutionConfigurationPlatforms) = preSolution
		Debug|Any CPU = Debug|Any CPU
		Release|Any CPU = Release|Any CPU
	EndGlobalSection
	GlobalSection(ProjectConfigurationPlatforms) = postSolution
		{E626E9E5-851E-44CE-B09F-16FA5680A0EF}.Debug|Any CPU.ActiveCfg = Debug|Any CPU
		{E626E9E5-851E-44CE-B09F-16FA5680A0EF}.Release|Any CPU.ActiveCfg = Release|Any CPU
	EndGlobalSection
	GlobalSection(SolutionProperties) = preSolution
		HideSolutionNode = FALSE
	EndGlobalSection
	GlobalSection(ExtensibilityGlobals) = postSolution
		SolutionGuid = {955B8540-D7D4-4A42-B46C-42E70F61718E}
	EndGlobalSection
EndGlobal
